
Microsoft Visual Studio Solution File, Format Version 12.00
# Visual Studio Version 17
VisualStudioVersion = 17.13.35931.197 d17.13
MinimumVisualStudioVersion = 10.0.40219.1
Project("{FAE04EC0-301F-11D3-BF4B-00C04F79EFBC}") = "WindowsFormsApp1", "WindowsFormsApp1.csproj", "{AC128B58-7550-4A01-83AB-6F5901618821}"
EndProject
Global
	GlobalSection(SolutionConfigurationPlatforms) = preSolution
		Debug|Any CPU = Debug|Any CPU
		Release|Any CPU = Release|Any CPU
	EndGlobalSection
	GlobalSection(ProjectConfigurationPlatforms) = postSolution
		{AC128B58-7550-4A01-83AB-6F5901618821}.Debug|Any CPU.ActiveCfg = Debug|Any CPU
		{AC128B58-7550-4A01-83AB-6F5901618821}.Debug|Any CPU.Build.0 = Debug|Any CPU
		{AC128B58-7550-4A01-83AB-6F5901618821}.Release|Any CPU.ActiveCfg = Release|Any CPU
		{AC128B58-7550-4A01-83AB-6F5901618821}.Release|Any CPU.Build.0 = Release|Any CPU
	EndGlobalSection
	GlobalSection(SolutionProperties) = preSolution
		HideSolutionNode = FALSE
	EndGlobalSection
	GlobalSection(ExtensibilityGlobals) = postSolution
		SolutionGuid = {BDC3402C-7B61-4E54-873D-4C36B63E1465}
	EndGlobalSection
EndGlobal
